
Microsoft Visual Studio Solution File, Format Version 12.00
# Visual Studio Version 16
VisualStudioVersion = 16.0.30503.244
MinimumVisualStudioVersion = 10.0.40219.1
Project("{FAE04EC0-301F-11D3-BF4B-00C04F79EFBC}") = "Lab02", "Lab02\Lab02.csproj", "{B79F7767-950F-4AC9-99EB-563F56F466A3}"
EndProject
Project("{9A19103F-16F7-4668-BE54-9A1E7A4F7556}") = "Lab02-02", "Lab02-02\Lab02-02.csproj", "{165D84C1-699D-491F-860C-77BBF1EC64B2}"
EndProject
Project("{9A19103F-16F7-4668-BE54-9A1E7A4F7556}") = "Lab02-03", "Lab02-03\Lab02-03.csproj", "{292B1E24-4B7B-427A-9CB5-8D1D042B9169}"
EndProject
Project("{FAE04EC0-301F-11D3-BF4B-00C04F79EFBC}") = "Lab02-04", "Lab02-04\Lab02-04.csproj", "{C47E9670-BFF2-4568-83DA-C25FC10C51A8}"
EndProject
Global
	GlobalSection(SolutionConfigurationPlatforms) = preSolution
		Debug|Any CPU = Debug|Any CPU
		Release|Any CPU = Release|Any CPU
	EndGlobalSection
	GlobalSection(ProjectConfigurationPlatforms) = postSolution
		{B79F7767-950F-4AC9-99EB-563F56F466A3}.Debug|Any CPU.ActiveCfg = Debug|Any CPU
		{B79F7767-950F-4AC9-99EB-563F56F466A3}.Debug|Any CPU.Build.0 = Debug|Any CPU
		{B79F7767-950F-4AC9-99EB-563F56F466A3}.Release|Any CPU.ActiveCfg = Release|Any CPU
		{B79F7767-950F-4AC9-99EB-563F56F466A3}.Release|Any CPU.Build.0 = Release|Any CPU
		{165D84C1-699D-491F-860C-77BBF1EC64B2}.Debug|Any CPU.ActiveCfg = Debug|Any CPU
		{165D84C1-699D-491F-860C-77BBF1EC64B2}.Debug|Any CPU.Build.0 = Debug|Any CPU
		{165D84C1-699D-491F-860C-77BBF1EC64B2}.Release|Any CPU.ActiveCfg = Release|Any CPU
		{165D84C1-699D-491F-860C-77BBF1EC64B2}.Release|Any CPU.Build.0 = Release|Any CPU
		{292B1E24-4B7B-427A-9CB5-8D1D042B9169}.Debug|Any CPU.ActiveCfg = Debug|Any CPU
		{292B1E24-4B7B-427A-9CB5-8D1D042B9169}.Debug|Any CPU.Build.0 = Debug|Any CPU
		{292B1E24-4B7B-427A-9CB5-8D1D042B9169}.Release|Any CPU.ActiveCfg = Release|Any CPU
		{292B1E24-4B7B-427A-9CB5-8D1D042B9169}.Release|Any CPU.Build.0 = Release|Any CPU
		{C47E9670-BFF2-4568-83DA-C25FC10C51A8}.Debug|Any CPU.ActiveCfg = Debug|Any CPU
		{C47E9670-BFF2-4568-83DA-C25FC10C51A8}.Debug|Any CPU.Build.0 = Debug|Any CPU
		{C47E9670-BFF2-4568-83DA-C25FC10C51A8}.Release|Any CPU.ActiveCfg = Release|Any CPU
		{C47E9670-BFF2-4568-83DA-C25FC10C51A8}.Release|Any CPU.Build.0 = Release|Any CPU
	EndGlobalSection
	GlobalSection(SolutionProperties) = preSolution
		HideSolutionNode = FALSE
	EndGlobalSection
	GlobalSection(ExtensibilityGlobals) = postSolution
		SolutionGuid = {DFD6FD10-C1C2-4739-8339-F5744B1CBF4E}
	EndGlobalSection
EndGlobal
